
Microsoft Visual Studio Solution File, Format Version 12.00
# Visual Studio 15
VisualStudioVersion = 15.0.27703.2026
MinimumVisualStudioVersion = 10.0.40219.1
Project("{FAE04EC0-301F-11D3-BF4B-00C04F79EFBC}") = "NearVision", "NearVision\NearVision.csproj", "{FE24DB91-B19E-42B9-A3BA-225417ED1068}"
EndProject
Project("{8BC9CEB8-8B4A-11D0-8D11-00A0C91BC942}") = "HostApp", "HostApp\HostApp.vcxproj", "{EAFC1D2A-5BA3-4CBA-A4BF-003A7967A98C}"
EndProject
Global
	GlobalSection(SolutionConfigurationPlatforms) = preSolution
		Debug|x64 = Debug|x64
		Debug|x86 = Debug|x86
		Release|x64 = Release|x64
		Release|x86 = Release|x86
	EndGlobalSection
	GlobalSection(ProjectConfigurationPlatforms) = postSolution
		{FE24DB91-B19E-42B9-A3BA-225417ED1068}.Debug|x64.ActiveCfg = Debug|Any CPU
		{FE24DB91-B19E-42B9-A3BA-225417ED1068}.Debug|x64.Build.0 = Debug|Any CPU
		{FE24DB91-B19E-42B9-A3BA-225417ED1068}.Debug|x86.ActiveCfg = Debug|Any CPU
		{FE24DB91-B19E-42B9-A3BA-225417ED1068}.Debug|x86.Build.0 = Debug|Any CPU
		{FE24DB91-B19E-42B9-A3BA-225417ED1068}.Release|x64.ActiveCfg = Release|Any CPU
		{FE24DB91-B19E-42B9-A3BA-225417ED1068}.Release|x64.Build.0 = Release|Any CPU
		{FE24DB91-B19E-42B9-A3BA-225417ED1068}.Release|x86.ActiveCfg = Release|Any CPU
		{FE24DB91-B19E-42B9-A3BA-225417ED1068}.Release|x86.Build.0 = Release|Any CPU
		{EAFC1D2A-5BA3-4CBA-A4BF-003A7967A98C}.Debug|x64.ActiveCfg = Debug|x64
		{EAFC1D2A-5BA3-4CBA-A4BF-003A7967A98C}.Debug|x64.Build.0 = Debug|x64
		{EAFC1D2A-5BA3-4CBA-A4BF-003A7967A98C}.Debug|x86.ActiveCfg = Debug|Win32
		{EAFC1D2A-5BA3-4CBA-A4BF-003A7967A98C}.Debug|x86.Build.0 = Debug|Win32
		{EAFC1D2A-5BA3-4CBA-A4BF-003A7967A98C}.Release|x64.ActiveCfg = Release|x64
		{EAFC1D2A-5BA3-4CBA-A4BF-003A7967A98C}.Release|x64.Build.0 = Release|x64
		{EAFC1D2A-5BA3-4CBA-A4BF-003A7967A98C}.Release|x86.ActiveCfg = Release|Win32
		{EAFC1D2A-5BA3-4CBA-A4BF-003A7967A98C}.Release|x86.Build.0 = Release|Win32
	EndGlobalSection
	GlobalSection(SolutionProperties) = preSolution
		HideSolutionNode = FALSE
	EndGlobalSection
	GlobalSection(ExtensibilityGlobals) = postSolution
		SolutionGuid = {A57DE6AA-51E8-4BA4-8072-DF00733D6E66}
	EndGlobalSection
EndGlobal
